
Microsoft Visual Studio Solution File, Format Version 12.00
# Visual Studio Version 17
VisualStudioVersion = 17.14.36930.0 d17.14
MinimumVisualStudioVersion = 10.0.40219.1
Project("{FAE04EC0-301F-11D3-BF4B-00C04F79EFBC}") = "TipCalculator", "TipCalculator\TipCalculator.csproj", "{F320F8A6-9148-409E-AE1F-3EBA3811BC7A}"
EndProject
Global
	GlobalSection(SolutionConfigurationPlatforms) = preSolution
		Debug|Any CPU = Debug|Any CPU
		Release|Any CPU = Release|Any CPU
	EndGlobalSection
	GlobalSection(ProjectConfigurationPlatforms) = postSolution
		{F320F8A6-9148-409E-AE1F-3EBA3811BC7A}.Debug|Any CPU.ActiveCfg = Debug|Any CPU
		{F320F8A6-9148-409E-AE1F-3EBA3811BC7A}.Debug|Any CPU.Build.0 = Debug|Any CPU
		{F320F8A6-9148-409E-AE1F-3EBA3811BC7A}.Release|Any CPU.ActiveCfg = Release|Any CPU
		{F320F8A6-9148-409E-AE1F-3EBA3811BC7A}.Release|Any CPU.Build.0 = Release|Any CPU
	EndGlobalSection
	GlobalSection(SolutionProperties) = preSolution
		HideSolutionNode = FALSE
	EndGlobalSection
	GlobalSection(ExtensibilityGlobals) = postSolution
		SolutionGuid = {6F4F9C89-3950-41DE-8026-E5C52AF72D1B}
	EndGlobalSection
EndGlobal
